
Microsoft Visual Studio Solution File, Format Version 12.00
# Visual Studio Version 17
VisualStudioVersion = 17.14.36414.22
MinimumVisualStudioVersion = 10.0.40219.1
Project("{FAE04EC0-301F-11D3-BF4B-00C04F79EFBC}") = "P5_StateManagement", "P5_StateManagement\P5_StateManagement.csproj", "{88B6DB2B-C4C0-4750-95A4-0EE7DA8B533A}"
EndProject
Project("{FAE04EC0-301F-11D3-BF4B-00C04F79EFBC}") = "P5_ViewsType", "P5_ViewsType\P5_ViewsType.csproj", "{C66FF768-6492-4481-90C1-B34B517B72BE}"
EndProject
Global
	GlobalSection(SolutionConfigurationPlatforms) = preSolution
		Debug|Any CPU = Debug|Any CPU
		Release|Any CPU = Release|Any CPU
	EndGlobalSection
	GlobalSection(ProjectConfigurationPlatforms) = postSolution
		{88B6DB2B-C4C0-4750-95A4-0EE7DA8B533A}.Debug|Any CPU.ActiveCfg = Debug|Any CPU
		{88B6DB2B-C4C0-4750-95A4-0EE7DA8B533A}.Debug|Any CPU.Build.0 = Debug|Any CPU
		{88B6DB2B-C4C0-4750-95A4-0EE7DA8B533A}.Release|Any CPU.ActiveCfg = Release|Any CPU
		{88B6DB2B-C4C0-4750-95A4-0EE7DA8B533A}.Release|Any CPU.Build.0 = Release|Any CPU
		{C66FF768-6492-4481-90C1-B34B517B72BE}.Debug|Any CPU.ActiveCfg = Debug|Any CPU
		{C66FF768-6492-4481-90C1-B34B517B72BE}.Debug|Any CPU.Build.0 = Debug|Any CPU
		{C66FF768-6492-4481-90C1-B34B517B72BE}.Release|Any CPU.ActiveCfg = Release|Any CPU
		{C66FF768-6492-4481-90C1-B34B517B72BE}.Release|Any CPU.Build.0 = Release|Any CPU
	EndGlobalSection
	GlobalSection(SolutionProperties) = preSolution
		HideSolutionNode = FALSE
	EndGlobalSection
	GlobalSection(ExtensibilityGlobals) = postSolution
		SolutionGuid = {55B8E100-CF7B-4884-8896-DD6EA1C64061}
	EndGlobalSection
EndGlobal
