
Microsoft Visual Studio Solution File, Format Version 12.00
# Visual Studio Version 17
VisualStudioVersion = 17.14.36414.22
MinimumVisualStudioVersion = 10.0.40219.1
Project("{FAE04EC0-301F-11D3-BF4B-00C04F79EFBC}") = "P1_Conditional", "P1_Conditional\P1_Conditional.csproj", "{CCF4E11E-764E-44B8-9C47-70C2C26BD627}"
EndProject
Project("{FAE04EC0-301F-11D3-BF4B-00C04F79EFBC}") = "P2_Arrays", "P2_Arrays\P2_Arrays.csproj", "{177E69DE-238A-44CE-8DFA-D4B3DCA9F42E}"
EndProject
Project("{FAE04EC0-301F-11D3-BF4B-00C04F79EFBC}") = "P3_String", "P3_String\P3_String.csproj", "{29B075B4-6281-4FB2-88B0-3230132A5726}"
EndProject
Project("{FAE04EC0-301F-11D3-BF4B-00C04F79EFBC}") = "P4_OOP1", "P4_OOP1\P4_OOP1.csproj", "{E374421B-77A0-445E-9950-BF4E722E8FB6}"
EndProject
Project("{FAE04EC0-301F-11D3-BF4B-00C04F79EFBC}") = "P5_RefTypeAndValType", "P5_RefTypeAndValType\P5_RefTypeAndValType.csproj", "{610BF7BE-E9EA-4E0D-918A-00B49576EF0C}"
EndProject
Project("{FAE04EC0-301F-11D3-BF4B-00C04F79EFBC}") = "P6_OOP2", "OOP2\P6_OOP2.csproj", "{DB4C29D6-5DF7-4420-84F6-96036ADB6461}"
EndProject
Project("{FAE04EC0-301F-11D3-BF4B-00C04F79EFBC}") = "P7_OtherOOPConcepts", "P7_OtherOOPConcepts\P7_OtherOOPConcepts.csproj", "{73A33657-05C5-42F3-91BC-E466A1B87761}"
EndProject
Project("{FAE04EC0-301F-11D3-BF4B-00C04F79EFBC}") = "P8_Interfaces", "P8_Interfaces\P8_Interfaces.csproj", "{CFBEA820-6912-4D39-817B-4A79EC59BE00}"
EndProject
Project("{FAE04EC0-301F-11D3-BF4B-00C04F79EFBC}") = "P9_Exception", "P9_Exception\P9_Exception.csproj", "{DC225940-14AE-4D02-9E06-6B5934D36DC9}"
EndProject
Project("{FAE04EC0-301F-11D3-BF4B-00C04F79EFBC}") = "P10_Collections", "P10_Collections\P10_Collections.csproj", "{70028A8C-FCD0-4D53-A8D9-00C92136E07A}"
EndProject
Global
	GlobalSection(SolutionConfigurationPlatforms) = preSolution
		Debug|Any CPU = Debug|Any CPU
		Release|Any CPU = Release|Any CPU
	EndGlobalSection
	GlobalSection(ProjectConfigurationPlatforms) = postSolution
		{CCF4E11E-764E-44B8-9C47-70C2C26BD627}.Debug|Any CPU.ActiveCfg = Debug|Any CPU
		{CCF4E11E-764E-44B8-9C47-70C2C26BD627}.Debug|Any CPU.Build.0 = Debug|Any CPU
		{CCF4E11E-764E-44B8-9C47-70C2C26BD627}.Release|Any CPU.ActiveCfg = Release|Any CPU
		{CCF4E11E-764E-44B8-9C47-70C2C26BD627}.Release|Any CPU.Build.0 = Release|Any CPU
		{177E69DE-238A-44CE-8DFA-D4B3DCA9F42E}.Debug|Any CPU.ActiveCfg = Debug|Any CPU
		{177E69DE-238A-44CE-8DFA-D4B3DCA9F42E}.Debug|Any CPU.Build.0 = Debug|Any CPU
		{177E69DE-238A-44CE-8DFA-D4B3DCA9F42E}.Release|Any CPU.ActiveCfg = Release|Any CPU
		{177E69DE-238A-44CE-8DFA-D4B3DCA9F42E}.Release|Any CPU.Build.0 = Release|Any CPU
		{29B075B4-6281-4FB2-88B0-3230132A5726}.Debug|Any CPU.ActiveCfg = Debug|Any CPU
		{29B075B4-6281-4FB2-88B0-3230132A5726}.Debug|Any CPU.Build.0 = Debug|Any CPU
		{29B075B4-6281-4FB2-88B0-3230132A5726}.Release|Any CPU.ActiveCfg = Release|Any CPU
		{29B075B4-6281-4FB2-88B0-3230132A5726}.Release|Any CPU.Build.0 = Release|Any CPU
		{E374421B-77A0-445E-9950-BF4E722E8FB6}.Debug|Any CPU.ActiveCfg = Debug|Any CPU
		{E374421B-77A0-445E-9950-BF4E722E8FB6}.Debug|Any CPU.Build.0 = Debug|Any CPU
		{E374421B-77A0-445E-9950-BF4E722E8FB6}.Release|Any CPU.ActiveCfg = Release|Any CPU
		{E374421B-77A0-445E-9950-BF4E722E8FB6}.Release|Any CPU.Build.0 = Release|Any CPU
		{610BF7BE-E9EA-4E0D-918A-00B49576EF0C}.Debug|Any CPU.ActiveCfg = Debug|Any CPU
		{610BF7BE-E9EA-4E0D-918A-00B49576EF0C}.Debug|Any CPU.Build.0 = Debug|Any CPU
		{610BF7BE-E9EA-4E0D-918A-00B49576EF0C}.Release|Any CPU.ActiveCfg = Release|Any CPU
		{610BF7BE-E9EA-4E0D-918A-00B49576EF0C}.Release|Any CPU.Build.0 = Release|Any CPU
		{DB4C29D6-5DF7-4420-84F6-96036ADB6461}.Debug|Any CPU.ActiveCfg = Debug|Any CPU
		{DB4C29D6-5DF7-4420-84F6-96036ADB6461}.Debug|Any CPU.Build.0 = Debug|Any CPU
		{DB4C29D6-5DF7-4420-84F6-96036ADB6461}.Release|Any CPU.ActiveCfg = Release|Any CPU
		{DB4C29D6-5DF7-4420-84F6-96036ADB6461}.Release|Any CPU.Build.0 = Release|Any CPU
		{73A33657-05C5-42F3-91BC-E466A1B87761}.Debug|Any CPU.ActiveCfg = Debug|Any CPU
		{73A33657-05C5-42F3-91BC-E466A1B87761}.Debug|Any CPU.Build.0 = Debug|Any CPU
		{73A33657-05C5-42F3-91BC-E466A1B87761}.Release|Any CPU.ActiveCfg = Release|Any CPU
		{73A33657-05C5-42F3-91BC-E466A1B87761}.Release|Any CPU.Build.0 = Release|Any CPU
		{CFBEA820-6912-4D39-817B-4A79EC59BE00}.Debug|Any CPU.ActiveCfg = Debug|Any CPU
		{CFBEA820-6912-4D39-817B-4A79EC59BE00}.Debug|Any CPU.Build.0 = Debug|Any CPU
		{CFBEA820-6912-4D39-817B-4A79EC59BE00}.Release|Any CPU.ActiveCfg = Release|Any CPU
		{CFBEA820-6912-4D39-817B-4A79EC59BE00}.Release|Any CPU.Build.0 = Release|Any CPU
		{DC225940-14AE-4D02-9E06-6B5934D36DC9}.Debug|Any CPU.ActiveCfg = Debug|Any CPU
		{DC225940-14AE-4D02-9E06-6B5934D36DC9}.Debug|Any CPU.Build.0 = Debug|Any CPU
		{DC225940-14AE-4D02-9E06-6B5934D36DC9}.Release|Any CPU.ActiveCfg = Release|Any CPU
		{DC225940-14AE-4D02-9E06-6B5934D36DC9}.Release|Any CPU.Build.0 = Release|Any CPU
		{70028A8C-FCD0-4D53-A8D9-00C92136E07A}.Debug|Any CPU.ActiveCfg = Debug|Any CPU
		{70028A8C-FCD0-4D53-A8D9-00C92136E07A}.Debug|Any CPU.Build.0 = Debug|Any CPU
		{70028A8C-FCD0-4D53-A8D9-00C92136E07A}.Release|Any CPU.ActiveCfg = Release|Any CPU
		{70028A8C-FCD0-4D53-A8D9-00C92136E07A}.Release|Any CPU.Build.0 = Release|Any CPU
	EndGlobalSection
	GlobalSection(SolutionProperties) = preSolution
		HideSolutionNode = FALSE
	EndGlobalSection
	GlobalSection(ExtensibilityGlobals) = postSolution
		SolutionGuid = {125E2D35-7FCA-4488-8938-9A4B2698CE81}
	EndGlobalSection
EndGlobal
