
Microsoft Visual Studio Solution File, Format Version 12.00
# Visual Studio Version 17
VisualStudioVersion = 17.14.36414.22
MinimumVisualStudioVersion = 10.0.40219.1
Project("{FAE04EC0-301F-11D3-BF4B-00C04F79EFBC}") = "P1_Conditional", "P1_Conditional\P1_Conditional.csproj", "{CCF4E11E-764E-44B8-9C47-70C2C26BD627}"
EndProject
Project("{FAE04EC0-301F-11D3-BF4B-00C04F79EFBC}") = "P2_Arrays", "P2_Arrays\P2_Arrays.csproj", "{177E69DE-238A-44CE-8DFA-D4B3DCA9F42E}"
EndProject
Project("{FAE04EC0-301F-11D3-BF4B-00C04F79EFBC}") = "P3_String", "P3_String\P3_String.csproj", "{29B075B4-6281-4FB2-88B0-3230132A5726}"
EndProject
Project("{FAE04EC0-301F-11D3-BF4B-00C04F79EFBC}") = "P4_OOP1", "P4_OOP1\P4_OOP1.csproj", "{E374421B-77A0-445E-9950-BF4E722E8FB6}"
EndProject
Project("{FAE04EC0-301F-11D3-BF4B-00C04F79EFBC}") = "P5_RefTypeAndValType", "P5_RefTypeAndValType\P5_RefTypeAndValType.csproj", "{610BF7BE-E9EA-4E0D-918A-00B49576EF0C}"
EndProject
Project("{FAE04EC0-301F-11D3-BF4B-00C04F79EFBC}") = "P6_OOP2", "OOP2\P6_OOP2.csproj", "{DB4C29D6-5DF7-4420-84F6-96036ADB6461}"
EndProject
Project("{FAE04EC0-301F-11D3-BF4B-00C04F79EFBC}") = "P7_OtherOOPConcepts", "P7_OtherOOPConcepts\P7_OtherOOPConcepts.csproj", "{73A33657-05C5-42F3-91BC-E466A1B87761}"
EndProject
Project("{FAE04EC0-301F-11D3-BF4B-00C04F79EFBC}") = "P8_Interfaces", "P8_Interfaces\P8_Interfaces.csproj", "{CFBEA820-6912-4D39-817B-4A79EC59BE00}"
EndProject
Project("{FAE04EC0-301F-11D3-BF4B-00C04F79EFBC}") = "P9_Exception", "P9_Exception\P9_Exception.csproj", "{DC225940-14AE-4D02-9E06-6B5934D36DC9}"
EndProject
Project("{FAE04EC0-301F-11D3-BF4B-00C04F79EFBC}") = "P10_Collections", "P10_Collections\P10_Collections.csproj", "{70028A8C-FCD0-4D53-A8D9-00C92136E07A}"
EndProject
Project("{FAE04EC0-301F-11D3-BF4B-00C04F79EFBC}") = "P11_LINQ", "P11_LINQ\P11_LINQ.csproj", "{BF366D34-1B13-46CA-8F29-3BE6F0F3A2FC}"
EndProject
Project("{FAE04EC0-301F-11D3-BF4B-00C04F79EFBC}") = "NewFeatures", "NewFeatures\NewFeatures.csproj", "{DB07764C-6AED-41A1-B4EF-CC3BC3E86789}"
EndProject
Project("{FAE04EC0-301F-11D3-BF4B-00C04F79EFBC}") = "P12_DelegatesAndEvents", "P12_DelegatesAndEvents\P12_DelegatesAndEvents.csproj", "{EF21FDB1-DCC7-407C-9B36-2D5A34E3C56D}"
EndProject
Project("{FAE04EC0-301F-11D3-BF4B-00C04F79EFBC}") = "P13_Reflection", "P13_Reflection\P13_Reflection.csproj", "{6A7DD64C-D62A-454B-9F5A-ED09C5F753C0}"
EndProject
Project("{FAE04EC0-301F-11D3-BF4B-00C04F79EFBC}") = "P14_FileIO", "P14_FileIO\P14_FileIO.csproj", "{65F22CCD-A8A5-457C-B980-6D1BDEDB2BF7}"
EndProject
Project("{FAE04EC0-301F-11D3-BF4B-00C04F79EFBC}") = "P15_OperatorOverloading", "P15_OperatorOverloading\P15_OperatorOverloading.csproj", "{C1EDC6A0-A069-4B87-9226-18B52667A514}"
EndProject
Project("{FAE04EC0-301F-11D3-BF4B-00C04F79EFBC}") = "P16_ADO", "P16_ADO\P16_ADO.csproj", "{F89C7BB8-93BE-4F5A-94EB-969229A9A564}"
EndProject
Project("{FAE04EC0-301F-11D3-BF4B-00C04F79EFBC}") = "P17_EntityFramework", "P17_EntityFramework\P17_EntityFramework.csproj", "{7C82E42A-DDC8-455B-A370-C06B44F07299}"
EndProject
Project("{FAE04EC0-301F-11D3-BF4B-00C04F79EFBC}") = "P17_EntityFramework2", "P17_EntityFramework2\P17_EntityFramework2.csproj", "{4807F703-E6D7-4B6D-A42E-3371361D8444}"
EndProject
Global
	GlobalSection(SolutionConfigurationPlatforms) = preSolution
		Debug|Any CPU = Debug|Any CPU
		Release|Any CPU = Release|Any CPU
	EndGlobalSection
	GlobalSection(ProjectConfigurationPlatforms) = postSolution
		{CCF4E11E-764E-44B8-9C47-70C2C26BD627}.Debug|Any CPU.ActiveCfg = Debug|Any CPU
		{CCF4E11E-764E-44B8-9C47-70C2C26BD627}.Debug|Any CPU.Build.0 = Debug|Any CPU
		{CCF4E11E-764E-44B8-9C47-70C2C26BD627}.Release|Any CPU.ActiveCfg = Release|Any CPU
		{CCF4E11E-764E-44B8-9C47-70C2C26BD627}.Release|Any CPU.Build.0 = Release|Any CPU
		{177E69DE-238A-44CE-8DFA-D4B3DCA9F42E}.Debug|Any CPU.ActiveCfg = Debug|Any CPU
		{177E69DE-238A-44CE-8DFA-D4B3DCA9F42E}.Debug|Any CPU.Build.0 = Debug|Any CPU
		{177E69DE-238A-44CE-8DFA-D4B3DCA9F42E}.Release|Any CPU.ActiveCfg = Release|Any CPU
		{177E69DE-238A-44CE-8DFA-D4B3DCA9F42E}.Release|Any CPU.Build.0 = Release|Any CPU
		{29B075B4-6281-4FB2-88B0-3230132A5726}.Debug|Any CPU.ActiveCfg = Debug|Any CPU
		{29B075B4-6281-4FB2-88B0-3230132A5726}.Debug|Any CPU.Build.0 = Debug|Any CPU
		{29B075B4-6281-4FB2-88B0-3230132A5726}.Release|Any CPU.ActiveCfg = Release|Any CPU
		{29B075B4-6281-4FB2-88B0-3230132A5726}.Release|Any CPU.Build.0 = Release|Any CPU
		{E374421B-77A0-445E-9950-BF4E722E8FB6}.Debug|Any CPU.ActiveCfg = Debug|Any CPU
		{E374421B-77A0-445E-9950-BF4E722E8FB6}.Debug|Any CPU.Build.0 = Debug|Any CPU
		{E374421B-77A0-445E-9950-BF4E722E8FB6}.Release|Any CPU.ActiveCfg = Release|Any CPU
		{E374421B-77A0-445E-9950-BF4E722E8FB6}.Release|Any CPU.Build.0 = Release|Any CPU
		{610BF7BE-E9EA-4E0D-918A-00B49576EF0C}.Debug|Any CPU.ActiveCfg = Debug|Any CPU
		{610BF7BE-E9EA-4E0D-918A-00B49576EF0C}.Debug|Any CPU.Build.0 = Debug|Any CPU
		{610BF7BE-E9EA-4E0D-918A-00B49576EF0C}.Release|Any CPU.ActiveCfg = Release|Any CPU
		{610BF7BE-E9EA-4E0D-918A-00B49576EF0C}.Release|Any CPU.Build.0 = Release|Any CPU
		{DB4C29D6-5DF7-4420-84F6-96036ADB6461}.Debug|Any CPU.ActiveCfg = Debug|Any CPU
		{DB4C29D6-5DF7-4420-84F6-96036ADB6461}.Debug|Any CPU.Build.0 = Debug|Any CPU
		{DB4C29D6-5DF7-4420-84F6-96036ADB6461}.Release|Any CPU.ActiveCfg = Release|Any CPU
		{DB4C29D6-5DF7-4420-84F6-96036ADB6461}.Release|Any CPU.Build.0 = Release|Any CPU
		{73A33657-05C5-42F3-91BC-E466A1B87761}.Debug|Any CPU.ActiveCfg = Debug|Any CPU
		{73A33657-05C5-42F3-91BC-E466A1B87761}.Debug|Any CPU.Build.0 = Debug|Any CPU
		{73A33657-05C5-42F3-91BC-E466A1B87761}.Release|Any CPU.ActiveCfg = Release|Any CPU
		{73A33657-05C5-42F3-91BC-E466A1B87761}.Release|Any CPU.Build.0 = Release|Any CPU
		{CFBEA820-6912-4D39-817B-4A79EC59BE00}.Debug|Any CPU.ActiveCfg = Debug|Any CPU
		{CFBEA820-6912-4D39-817B-4A79EC59BE00}.Debug|Any CPU.Build.0 = Debug|Any CPU
		{CFBEA820-6912-4D39-817B-4A79EC59BE00}.Release|Any CPU.ActiveCfg = Release|Any CPU
		{CFBEA820-6912-4D39-817B-4A79EC59BE00}.Release|Any CPU.Build.0 = Release|Any CPU
		{DC225940-14AE-4D02-9E06-6B5934D36DC9}.Debug|Any CPU.ActiveCfg = Debug|Any CPU
		{DC225940-14AE-4D02-9E06-6B5934D36DC9}.Debug|Any CPU.Build.0 = Debug|Any CPU
		{DC225940-14AE-4D02-9E06-6B5934D36DC9}.Release|Any CPU.ActiveCfg = Release|Any CPU
		{DC225940-14AE-4D02-9E06-6B5934D36DC9}.Release|Any CPU.Build.0 = Release|Any CPU
		{70028A8C-FCD0-4D53-A8D9-00C92136E07A}.Debug|Any CPU.ActiveCfg = Debug|Any CPU
		{70028A8C-FCD0-4D53-A8D9-00C92136E07A}.Debug|Any CPU.Build.0 = Debug|Any CPU
		{70028A8C-FCD0-4D53-A8D9-00C92136E07A}.Release|Any CPU.ActiveCfg = Release|Any CPU
		{70028A8C-FCD0-4D53-A8D9-00C92136E07A}.Release|Any CPU.Build.0 = Release|Any CPU
		{BF366D34-1B13-46CA-8F29-3BE6F0F3A2FC}.Debug|Any CPU.ActiveCfg = Debug|Any CPU
		{BF366D34-1B13-46CA-8F29-3BE6F0F3A2FC}.Debug|Any CPU.Build.0 = Debug|Any CPU
		{BF366D34-1B13-46CA-8F29-3BE6F0F3A2FC}.Release|Any CPU.ActiveCfg = Release|Any CPU
		{BF366D34-1B13-46CA-8F29-3BE6F0F3A2FC}.Release|Any CPU.Build.0 = Release|Any CPU
		{DB07764C-6AED-41A1-B4EF-CC3BC3E86789}.Debug|Any CPU.ActiveCfg = Debug|Any CPU
		{DB07764C-6AED-41A1-B4EF-CC3BC3E86789}.Debug|Any CPU.Build.0 = Debug|Any CPU
		{DB07764C-6AED-41A1-B4EF-CC3BC3E86789}.Release|Any CPU.ActiveCfg = Release|Any CPU
		{DB07764C-6AED-41A1-B4EF-CC3BC3E86789}.Release|Any CPU.Build.0 = Release|Any CPU
		{EF21FDB1-DCC7-407C-9B36-2D5A34E3C56D}.Debug|Any CPU.ActiveCfg = Debug|Any CPU
		{EF21FDB1-DCC7-407C-9B36-2D5A34E3C56D}.Debug|Any CPU.Build.0 = Debug|Any CPU
		{EF21FDB1-DCC7-407C-9B36-2D5A34E3C56D}.Release|Any CPU.ActiveCfg = Release|Any CPU
		{EF21FDB1-DCC7-407C-9B36-2D5A34E3C56D}.Release|Any CPU.Build.0 = Release|Any CPU
		{6A7DD64C-D62A-454B-9F5A-ED09C5F753C0}.Debug|Any CPU.ActiveCfg = Debug|Any CPU
		{6A7DD64C-D62A-454B-9F5A-ED09C5F753C0}.Debug|Any CPU.Build.0 = Debug|Any CPU
		{6A7DD64C-D62A-454B-9F5A-ED09C5F753C0}.Release|Any CPU.ActiveCfg = Release|Any CPU
		{6A7DD64C-D62A-454B-9F5A-ED09C5F753C0}.Release|Any CPU.Build.0 = Release|Any CPU
		{65F22CCD-A8A5-457C-B980-6D1BDEDB2BF7}.Debug|Any CPU.ActiveCfg = Debug|Any CPU
		{65F22CCD-A8A5-457C-B980-6D1BDEDB2BF7}.Debug|Any CPU.Build.0 = Debug|Any CPU
		{65F22CCD-A8A5-457C-B980-6D1BDEDB2BF7}.Release|Any CPU.ActiveCfg = Release|Any CPU
		{65F22CCD-A8A5-457C-B980-6D1BDEDB2BF7}.Release|Any CPU.Build.0 = Release|Any CPU
		{C1EDC6A0-A069-4B87-9226-18B52667A514}.Debug|Any CPU.ActiveCfg = Debug|Any CPU
		{C1EDC6A0-A069-4B87-9226-18B52667A514}.Debug|Any CPU.Build.0 = Debug|Any CPU
		{C1EDC6A0-A069-4B87-9226-18B52667A514}.Release|Any CPU.ActiveCfg = Release|Any CPU
		{C1EDC6A0-A069-4B87-9226-18B52667A514}.Release|Any CPU.Build.0 = Release|Any CPU
		{F89C7BB8-93BE-4F5A-94EB-969229A9A564}.Debug|Any CPU.ActiveCfg = Debug|Any CPU
		{F89C7BB8-93BE-4F5A-94EB-969229A9A564}.Debug|Any CPU.Build.0 = Debug|Any CPU
		{F89C7BB8-93BE-4F5A-94EB-969229A9A564}.Release|Any CPU.ActiveCfg = Release|Any CPU
		{F89C7BB8-93BE-4F5A-94EB-969229A9A564}.Release|Any CPU.Build.0 = Release|Any CPU
		{7C82E42A-DDC8-455B-A370-C06B44F07299}.Debug|Any CPU.ActiveCfg = Debug|Any CPU
		{7C82E42A-DDC8-455B-A370-C06B44F07299}.Debug|Any CPU.Build.0 = Debug|Any CPU
		{7C82E42A-DDC8-455B-A370-C06B44F07299}.Release|Any CPU.ActiveCfg = Release|Any CPU
		{7C82E42A-DDC8-455B-A370-C06B44F07299}.Release|Any CPU.Build.0 = Release|Any CPU
		{4807F703-E6D7-4B6D-A42E-3371361D8444}.Debug|Any CPU.ActiveCfg = Debug|Any CPU
		{4807F703-E6D7-4B6D-A42E-3371361D8444}.Debug|Any CPU.Build.0 = Debug|Any CPU
		{4807F703-E6D7-4B6D-A42E-3371361D8444}.Release|Any CPU.ActiveCfg = Release|Any CPU
		{4807F703-E6D7-4B6D-A42E-3371361D8444}.Release|Any CPU.Build.0 = Release|Any CPU
	EndGlobalSection
	GlobalSection(SolutionProperties) = preSolution
		HideSolutionNode = FALSE
	EndGlobalSection
	GlobalSection(ExtensibilityGlobals) = postSolution
		SolutionGuid = {125E2D35-7FCA-4488-8938-9A4B2698CE81}
	EndGlobalSection
EndGlobal
